
Microsoft Visual Studio Solution File, Format Version 12.00
# Visual Studio 14
VisualStudioVersion = 14.0.23107.0
MinimumVisualStudioVersion = 10.0.40219.1
Project("{FAE04EC0-301F-11D3-BF4B-00C04F79EFBC}") = "MovieManiacs", "MovieManiacs\MovieManiacs.csproj", "{FC20B7BB-F363-4ECD-A306-BFE0CDAD7067}"
EndProject
Project("{FAE04EC0-301F-11D3-BF4B-00C04F79EFBC}") = "WCFDatabaseProvider", "WCFDatabaseProvider\WCFDatabaseProvider.csproj", "{BB1D6DA7-18A0-4F6C-9B7F-5B207294E9B9}"
EndProject
Project("{FAE04EC0-301F-11D3-BF4B-00C04F79EFBC}") = "BusinessEntities", "BusinessEntities\BusinessEntities.csproj", "{8BF0805E-0B7F-4CAA-BA13-688DE6AD2255}"
	ProjectSection(ProjectDependencies) = postProject
		{BB1D6DA7-18A0-4F6C-9B7F-5B207294E9B9} = {BB1D6DA7-18A0-4F6C-9B7F-5B207294E9B9}
	EndProjectSection
EndProject
Project("{FAE04EC0-301F-11D3-BF4B-00C04F79EFBC}") = "Data", "Data\Data.csproj", "{012416CA-A329-4CEC-A60E-9EEC07F4053B}"
EndProject
Project("{FAE04EC0-301F-11D3-BF4B-00C04F79EFBC}") = "Core", "Core\Core.csproj", "{A7101917-7333-4E30-8C5A-5F4B68B9D2DD}"
EndProject
Project("{E24C65DC-7377-472B-9ABA-BC803B73C61A}") = "MoviesProject", "..\MoviesProject\", "{536BC78E-97D5-413F-9522-F45D7A401359}"
	ProjectSection(WebsiteProperties) = preProject
		TargetFrameworkMoniker = ".NETFramework,Version%3Dv2.0"
		ProjectReferences = ""
		Debug.AspNetCompiler.VirtualPath = "/localhost_57378"
		Debug.AspNetCompiler.PhysicalPath = "..\MoviesProject\"
		Debug.AspNetCompiler.TargetPath = "PrecompiledWeb\localhost_57378\"
		Debug.AspNetCompiler.Updateable = "true"
		Debug.AspNetCompiler.ForceOverwrite = "true"
		Debug.AspNetCompiler.FixedNames = "false"
		Debug.AspNetCompiler.Debug = "True"
		Release.AspNetCompiler.VirtualPath = "/localhost_57378"
		Release.AspNetCompiler.PhysicalPath = "..\MoviesProject\"
		Release.AspNetCompiler.TargetPath = "PrecompiledWeb\localhost_57378\"
		Release.AspNetCompiler.Updateable = "true"
		Release.AspNetCompiler.ForceOverwrite = "true"
		Release.AspNetCompiler.FixedNames = "false"
		Release.AspNetCompiler.Debug = "False"
		VWDPort = "57378"
		SlnRelativePath = "..\MoviesProject\"
	EndProjectSection
EndProject
Project("{FAE04EC0-301F-11D3-BF4B-00C04F79EFBC}") = "MovieManiacs.Notifier", "MovieManiacs.Notifier\MovieManiacs.Notifier.csproj", "{B228ECD3-F374-4958-9741-61CBD5BFDA9E}"
EndProject
Project("{FAE04EC0-301F-11D3-BF4B-00C04F79EFBC}") = "EmailNotifier", "EmailNotifier\EmailNotifier.csproj", "{2A45D680-F0A8-4CF1-8EA9-FCD78CFB20B5}"
EndProject
Global
	GlobalSection(SolutionConfigurationPlatforms) = preSolution
		Debug|Any CPU = Debug|Any CPU
		Production|Any CPU = Production|Any CPU
		QA|Any CPU = QA|Any CPU
		Release|Any CPU = Release|Any CPU
		Staging|Any CPU = Staging|Any CPU
	EndGlobalSection
	GlobalSection(ProjectConfigurationPlatforms) = postSolution
		{FC20B7BB-F363-4ECD-A306-BFE0CDAD7067}.Debug|Any CPU.ActiveCfg = Debug|Any CPU
		{FC20B7BB-F363-4ECD-A306-BFE0CDAD7067}.Debug|Any CPU.Build.0 = Debug|Any CPU
		{FC20B7BB-F363-4ECD-A306-BFE0CDAD7067}.Production|Any CPU.ActiveCfg = Release|Any CPU
		{FC20B7BB-F363-4ECD-A306-BFE0CDAD7067}.Production|Any CPU.Build.0 = Release|Any CPU
		{FC20B7BB-F363-4ECD-A306-BFE0CDAD7067}.QA|Any CPU.ActiveCfg = Release|Any CPU
		{FC20B7BB-F363-4ECD-A306-BFE0CDAD7067}.QA|Any CPU.Build.0 = Release|Any CPU
		{FC20B7BB-F363-4ECD-A306-BFE0CDAD7067}.Release|Any CPU.ActiveCfg = Release|Any CPU
		{FC20B7BB-F363-4ECD-A306-BFE0CDAD7067}.Release|Any CPU.Build.0 = Release|Any CPU
		{FC20B7BB-F363-4ECD-A306-BFE0CDAD7067}.Staging|Any CPU.ActiveCfg = Release|Any CPU
		{FC20B7BB-F363-4ECD-A306-BFE0CDAD7067}.Staging|Any CPU.Build.0 = Release|Any CPU
		{BB1D6DA7-18A0-4F6C-9B7F-5B207294E9B9}.Debug|Any CPU.ActiveCfg = Debug|Any CPU
		{BB1D6DA7-18A0-4F6C-9B7F-5B207294E9B9}.Debug|Any CPU.Build.0 = Debug|Any CPU
		{BB1D6DA7-18A0-4F6C-9B7F-5B207294E9B9}.Production|Any CPU.ActiveCfg = Release|Any CPU
		{BB1D6DA7-18A0-4F6C-9B7F-5B207294E9B9}.Production|Any CPU.Build.0 = Release|Any CPU
		{BB1D6DA7-18A0-4F6C-9B7F-5B207294E9B9}.QA|Any CPU.ActiveCfg = Release|Any CPU
		{BB1D6DA7-18A0-4F6C-9B7F-5B207294E9B9}.QA|Any CPU.Build.0 = Release|Any CPU
		{BB1D6DA7-18A0-4F6C-9B7F-5B207294E9B9}.Release|Any CPU.ActiveCfg = Release|Any CPU
		{BB1D6DA7-18A0-4F6C-9B7F-5B207294E9B9}.Release|Any CPU.Build.0 = Release|Any CPU
		{BB1D6DA7-18A0-4F6C-9B7F-5B207294E9B9}.Staging|Any CPU.ActiveCfg = Release|Any CPU
		{BB1D6DA7-18A0-4F6C-9B7F-5B207294E9B9}.Staging|Any CPU.Build.0 = Release|Any CPU
		{8BF0805E-0B7F-4CAA-BA13-688DE6AD2255}.Debug|Any CPU.ActiveCfg = Debug|Any CPU
		{8BF0805E-0B7F-4CAA-BA13-688DE6AD2255}.Debug|Any CPU.Build.0 = Debug|Any CPU
		{8BF0805E-0B7F-4CAA-BA13-688DE6AD2255}.Production|Any CPU.ActiveCfg = Release|Any CPU
		{8BF0805E-0B7F-4CAA-BA13-688DE6AD2255}.Production|Any CPU.Build.0 = Release|Any CPU
		{8BF0805E-0B7F-4CAA-BA13-688DE6AD2255}.QA|Any CPU.ActiveCfg = Release|Any CPU
		{8BF0805E-0B7F-4CAA-BA13-688DE6AD2255}.QA|Any CPU.Build.0 = Release|Any CPU
		{8BF0805E-0B7F-4CAA-BA13-688DE6AD2255}.Release|Any CPU.ActiveCfg = Release|Any CPU
		{8BF0805E-0B7F-4CAA-BA13-688DE6AD2255}.Release|Any CPU.Build.0 = Release|Any CPU
		{8BF0805E-0B7F-4CAA-BA13-688DE6AD2255}.Staging|Any CPU.ActiveCfg = Release|Any CPU
		{8BF0805E-0B7F-4CAA-BA13-688DE6AD2255}.Staging|Any CPU.Build.0 = Release|Any CPU
		{012416CA-A329-4CEC-A60E-9EEC07F4053B}.Debug|Any CPU.ActiveCfg = Debug|Any CPU
		{012416CA-A329-4CEC-A60E-9EEC07F4053B}.Debug|Any CPU.Build.0 = Debug|Any CPU
		{012416CA-A329-4CEC-A60E-9EEC07F4053B}.Production|Any CPU.ActiveCfg = Release|Any CPU
		{012416CA-A329-4CEC-A60E-9EEC07F4053B}.Production|Any CPU.Build.0 = Release|Any CPU
		{012416CA-A329-4CEC-A60E-9EEC07F4053B}.QA|Any CPU.ActiveCfg = Release|Any CPU
		{012416CA-A329-4CEC-A60E-9EEC07F4053B}.QA|Any CPU.Build.0 = Release|Any CPU
		{012416CA-A329-4CEC-A60E-9EEC07F4053B}.Release|Any CPU.ActiveCfg = Release|Any CPU
		{012416CA-A329-4CEC-A60E-9EEC07F4053B}.Release|Any CPU.Build.0 = Release|Any CPU
		{012416CA-A329-4CEC-A60E-9EEC07F4053B}.Staging|Any CPU.ActiveCfg = Release|Any CPU
		{012416CA-A329-4CEC-A60E-9EEC07F4053B}.Staging|Any CPU.Build.0 = Release|Any CPU
		{A7101917-7333-4E30-8C5A-5F4B68B9D2DD}.Debug|Any CPU.ActiveCfg = Debug|Any CPU
		{A7101917-7333-4E30-8C5A-5F4B68B9D2DD}.Debug|Any CPU.Build.0 = Debug|Any CPU
		{A7101917-7333-4E30-8C5A-5F4B68B9D2DD}.Production|Any CPU.ActiveCfg = Release|Any CPU
		{A7101917-7333-4E30-8C5A-5F4B68B9D2DD}.Production|Any CPU.Build.0 = Release|Any CPU
		{A7101917-7333-4E30-8C5A-5F4B68B9D2DD}.QA|Any CPU.ActiveCfg = Release|Any CPU
		{A7101917-7333-4E30-8C5A-5F4B68B9D2DD}.QA|Any CPU.Build.0 = Release|Any CPU
		{A7101917-7333-4E30-8C5A-5F4B68B9D2DD}.Release|Any CPU.ActiveCfg = Release|Any CPU
		{A7101917-7333-4E30-8C5A-5F4B68B9D2DD}.Release|Any CPU.Build.0 = Release|Any CPU
		{A7101917-7333-4E30-8C5A-5F4B68B9D2DD}.Staging|Any CPU.ActiveCfg = Release|Any CPU
		{A7101917-7333-4E30-8C5A-5F4B68B9D2DD}.Staging|Any CPU.Build.0 = Release|Any CPU
		{536BC78E-97D5-413F-9522-F45D7A401359}.Debug|Any CPU.ActiveCfg = Debug|Any CPU
		{536BC78E-97D5-413F-9522-F45D7A401359}.Debug|Any CPU.Build.0 = Debug|Any CPU
		{536BC78E-97D5-413F-9522-F45D7A401359}.Production|Any CPU.ActiveCfg = Debug|Any CPU
		{536BC78E-97D5-413F-9522-F45D7A401359}.Production|Any CPU.Build.0 = Debug|Any CPU
		{536BC78E-97D5-413F-9522-F45D7A401359}.QA|Any CPU.ActiveCfg = Debug|Any CPU
		{536BC78E-97D5-413F-9522-F45D7A401359}.QA|Any CPU.Build.0 = Debug|Any CPU
		{536BC78E-97D5-413F-9522-F45D7A401359}.Release|Any CPU.ActiveCfg = Debug|Any CPU
		{536BC78E-97D5-413F-9522-F45D7A401359}.Release|Any CPU.Build.0 = Debug|Any CPU
		{536BC78E-97D5-413F-9522-F45D7A401359}.Staging|Any CPU.ActiveCfg = Debug|Any CPU
		{536BC78E-97D5-413F-9522-F45D7A401359}.Staging|Any CPU.Build.0 = Debug|Any CPU
		{B228ECD3-F374-4958-9741-61CBD5BFDA9E}.Debug|Any CPU.ActiveCfg = Debug|Any CPU
		{B228ECD3-F374-4958-9741-61CBD5BFDA9E}.Debug|Any CPU.Build.0 = Debug|Any CPU
		{B228ECD3-F374-4958-9741-61CBD5BFDA9E}.Production|Any CPU.ActiveCfg = Release|Any CPU
		{B228ECD3-F374-4958-9741-61CBD5BFDA9E}.Production|Any CPU.Build.0 = Release|Any CPU
		{B228ECD3-F374-4958-9741-61CBD5BFDA9E}.QA|Any CPU.ActiveCfg = Release|Any CPU
		{B228ECD3-F374-4958-9741-61CBD5BFDA9E}.QA|Any CPU.Build.0 = Release|Any CPU
		{B228ECD3-F374-4958-9741-61CBD5BFDA9E}.Release|Any CPU.ActiveCfg = Release|Any CPU
		{B228ECD3-F374-4958-9741-61CBD5BFDA9E}.Release|Any CPU.Build.0 = Release|Any CPU
		{B228ECD3-F374-4958-9741-61CBD5BFDA9E}.Staging|Any CPU.ActiveCfg = Release|Any CPU
		{B228ECD3-F374-4958-9741-61CBD5BFDA9E}.Staging|Any CPU.Build.0 = Release|Any CPU
		{2A45D680-F0A8-4CF1-8EA9-FCD78CFB20B5}.Debug|Any CPU.ActiveCfg = Debug|Any CPU
		{2A45D680-F0A8-4CF1-8EA9-FCD78CFB20B5}.Debug|Any CPU.Build.0 = Debug|Any CPU
		{2A45D680-F0A8-4CF1-8EA9-FCD78CFB20B5}.Production|Any CPU.ActiveCfg = Release|Any CPU
		{2A45D680-F0A8-4CF1-8EA9-FCD78CFB20B5}.Production|Any CPU.Build.0 = Release|Any CPU
		{2A45D680-F0A8-4CF1-8EA9-FCD78CFB20B5}.QA|Any CPU.ActiveCfg = Release|Any CPU
		{2A45D680-F0A8-4CF1-8EA9-FCD78CFB20B5}.QA|Any CPU.Build.0 = Release|Any CPU
		{2A45D680-F0A8-4CF1-8EA9-FCD78CFB20B5}.Release|Any CPU.ActiveCfg = Release|Any CPU
		{2A45D680-F0A8-4CF1-8EA9-FCD78CFB20B5}.Release|Any CPU.Build.0 = Release|Any CPU
		{2A45D680-F0A8-4CF1-8EA9-FCD78CFB20B5}.Staging|Any CPU.ActiveCfg = Release|Any CPU
		{2A45D680-F0A8-4CF1-8EA9-FCD78CFB20B5}.Staging|Any CPU.Build.0 = Release|Any CPU
	EndGlobalSection
	GlobalSection(SolutionProperties) = preSolution
		HideSolutionNode = FALSE
	EndGlobalSection
EndGlobal
